
Microsoft Visual Studio Solution File, Format Version 12.00
# Visual Studio Version 17
VisualStudioVersion = 17.8.34511.84
MinimumVisualStudioVersion = 10.0.40219.1
Project("{9A19103F-16F7-4668-BE54-9A1E7A4F7556}") = "ECommerce.Api", "ECommerce.Api\ECommerce.Api.csproj", "{71C8093C-1307-4830-84EF-D094C4009747}"
EndProject
Project("{9A19103F-16F7-4668-BE54-9A1E7A4F7556}") = "ECommerce.Domain", "ECommerce.Domain\ECommerce.Domain.csproj", "{6CDF64BE-E7A0-4D2E-A3C4-5619FAA312EA}"
EndProject
Project("{9A19103F-16F7-4668-BE54-9A1E7A4F7556}") = "ECommerce.Infrastructure", "ECommerce.Infrastructure\ECommerce.Infrastructure.csproj", "{116F4979-8D8C-4F00-BE11-F7B359CF42DB}"
EndProject
Project("{9A19103F-16F7-4668-BE54-9A1E7A4F7556}") = "ECommerce.Core", "ECommerce.Core\ECommerce.Core.csproj", "{C64F970B-83D5-47AE-977F-0BC1CE047154}"
EndProject
Project("{FAE04EC0-301F-11D3-BF4B-00C04F79EFBC}") = "ECommerce.Testing", "ECommerce.Testing\ECommerce.Testing.csproj", "{A07578C8-783F-475C-8C1C-88AB72F9BE90}"
EndProject
Global
	GlobalSection(SolutionConfigurationPlatforms) = preSolution
		Debug|Any CPU = Debug|Any CPU
		Release|Any CPU = Release|Any CPU
	EndGlobalSection
	GlobalSection(ProjectConfigurationPlatforms) = postSolution
		{71C8093C-1307-4830-84EF-D094C4009747}.Debug|Any CPU.ActiveCfg = Debug|Any CPU
		{71C8093C-1307-4830-84EF-D094C4009747}.Debug|Any CPU.Build.0 = Debug|Any CPU
		{71C8093C-1307-4830-84EF-D094C4009747}.Release|Any CPU.ActiveCfg = Release|Any CPU
		{71C8093C-1307-4830-84EF-D094C4009747}.Release|Any CPU.Build.0 = Release|Any CPU
		{6CDF64BE-E7A0-4D2E-A3C4-5619FAA312EA}.Debug|Any CPU.ActiveCfg = Debug|Any CPU
		{6CDF64BE-E7A0-4D2E-A3C4-5619FAA312EA}.Debug|Any CPU.Build.0 = Debug|Any CPU
		{6CDF64BE-E7A0-4D2E-A3C4-5619FAA312EA}.Release|Any CPU.ActiveCfg = Release|Any CPU
		{6CDF64BE-E7A0-4D2E-A3C4-5619FAA312EA}.Release|Any CPU.Build.0 = Release|Any CPU
		{116F4979-8D8C-4F00-BE11-F7B359CF42DB}.Debug|Any CPU.ActiveCfg = Debug|Any CPU
		{116F4979-8D8C-4F00-BE11-F7B359CF42DB}.Debug|Any CPU.Build.0 = Debug|Any CPU
		{116F4979-8D8C-4F00-BE11-F7B359CF42DB}.Release|Any CPU.ActiveCfg = Release|Any CPU
		{116F4979-8D8C-4F00-BE11-F7B359CF42DB}.Release|Any CPU.Build.0 = Release|Any CPU
		{C64F970B-83D5-47AE-977F-0BC1CE047154}.Debug|Any CPU.ActiveCfg = Debug|Any CPU
		{C64F970B-83D5-47AE-977F-0BC1CE047154}.Debug|Any CPU.Build.0 = Debug|Any CPU
		{C64F970B-83D5-47AE-977F-0BC1CE047154}.Release|Any CPU.ActiveCfg = Release|Any CPU
		{C64F970B-83D5-47AE-977F-0BC1CE047154}.Release|Any CPU.Build.0 = Release|Any CPU
		{A07578C8-783F-475C-8C1C-88AB72F9BE90}.Debug|Any CPU.ActiveCfg = Debug|Any CPU
		{A07578C8-783F-475C-8C1C-88AB72F9BE90}.Debug|Any CPU.Build.0 = Debug|Any CPU
		{A07578C8-783F-475C-8C1C-88AB72F9BE90}.Release|Any CPU.ActiveCfg = Release|Any CPU
		{A07578C8-783F-475C-8C1C-88AB72F9BE90}.Release|Any CPU.Build.0 = Release|Any CPU
	EndGlobalSection
	GlobalSection(SolutionProperties) = preSolution
		HideSolutionNode = FALSE
	EndGlobalSection
	GlobalSection(ExtensibilityGlobals) = postSolution
		SolutionGuid = {740295CA-B46B-439A-9626-9F87A16C170F}
	EndGlobalSection
EndGlobal
